
Microsoft Visual Studio Solution File, Format Version 12.00
# Visual Studio Version 17
VisualStudioVersion = 17.14.36401.2 d17.14
MinimumVisualStudioVersion = 10.0.40219.1
Project("{FAE04EC0-301F-11D3-BF4B-00C04F79EFBC}") = "Practice_StronglyTypedView03", "Practice_StronglyTypedView03\Practice_StronglyTypedView03.csproj", "{68DD7617-8C3C-4BFA-83E2-4C31B318DC6F}"
EndProject
Global
	GlobalSection(SolutionConfigurationPlatforms) = preSolution
		Debug|Any CPU = Debug|Any CPU
		Release|Any CPU = Release|Any CPU
	EndGlobalSection
	GlobalSection(ProjectConfigurationPlatforms) = postSolution
		{68DD7617-8C3C-4BFA-83E2-4C31B318DC6F}.Debug|Any CPU.ActiveCfg = Debug|Any CPU
		{68DD7617-8C3C-4BFA-83E2-4C31B318DC6F}.Debug|Any CPU.Build.0 = Debug|Any CPU
		{68DD7617-8C3C-4BFA-83E2-4C31B318DC6F}.Release|Any CPU.ActiveCfg = Release|Any CPU
		{68DD7617-8C3C-4BFA-83E2-4C31B318DC6F}.Release|Any CPU.Build.0 = Release|Any CPU
	EndGlobalSection
	GlobalSection(SolutionProperties) = preSolution
		HideSolutionNode = FALSE
	EndGlobalSection
	GlobalSection(ExtensibilityGlobals) = postSolution
		SolutionGuid = {2D5F0B7F-AF64-493B-8DAE-A41CA0F3A100}
	EndGlobalSection
EndGlobal
