
Microsoft Visual Studio Solution File, Format Version 12.00
# Visual Studio Version 17
VisualStudioVersion = 17.14.36401.2 d17.14
MinimumVisualStudioVersion = 10.0.40219.1
Project("{FAE04EC0-301F-11D3-BF4B-00C04F79EFBC}") = "04_DapperApi_SpMethod", "04_DapperApi_SpMethod\04_DapperApi_SpMethod.csproj", "{288229EB-FFE7-4411-9B4D-B5C8688A2324}"
EndProject
Global
	GlobalSection(SolutionConfigurationPlatforms) = preSolution
		Debug|Any CPU = Debug|Any CPU
		Release|Any CPU = Release|Any CPU
	EndGlobalSection
	GlobalSection(ProjectConfigurationPlatforms) = postSolution
		{288229EB-FFE7-4411-9B4D-B5C8688A2324}.Debug|Any CPU.ActiveCfg = Debug|Any CPU
		{288229EB-FFE7-4411-9B4D-B5C8688A2324}.Debug|Any CPU.Build.0 = Debug|Any CPU
		{288229EB-FFE7-4411-9B4D-B5C8688A2324}.Release|Any CPU.ActiveCfg = Release|Any CPU
		{288229EB-FFE7-4411-9B4D-B5C8688A2324}.Release|Any CPU.Build.0 = Release|Any CPU
	EndGlobalSection
	GlobalSection(SolutionProperties) = preSolution
		HideSolutionNode = FALSE
	EndGlobalSection
	GlobalSection(ExtensibilityGlobals) = postSolution
		SolutionGuid = {4836AF05-C274-468C-AB52-89C5A4AA73E7}
	EndGlobalSection
EndGlobal
