
Microsoft Visual Studio Solution File, Format Version 12.00
# Visual Studio Version 17
VisualStudioVersion = 17.14.36401.2 d17.14
MinimumVisualStudioVersion = 10.0.40219.1
Project("{FAE04EC0-301F-11D3-BF4B-00C04F79EFBC}") = "Form_Programentor", "Form_Programentor\Form_Programentor.csproj", "{6D433D07-52F0-49E4-A944-380AA9B48054}"
EndProject
Global
	GlobalSection(SolutionConfigurationPlatforms) = preSolution
		Debug|Any CPU = Debug|Any CPU
		Release|Any CPU = Release|Any CPU
	EndGlobalSection
	GlobalSection(ProjectConfigurationPlatforms) = postSolution
		{6D433D07-52F0-49E4-A944-380AA9B48054}.Debug|Any CPU.ActiveCfg = Debug|Any CPU
		{6D433D07-52F0-49E4-A944-380AA9B48054}.Debug|Any CPU.Build.0 = Debug|Any CPU
		{6D433D07-52F0-49E4-A944-380AA9B48054}.Release|Any CPU.ActiveCfg = Release|Any CPU
		{6D433D07-52F0-49E4-A944-380AA9B48054}.Release|Any CPU.Build.0 = Release|Any CPU
	EndGlobalSection
	GlobalSection(SolutionProperties) = preSolution
		HideSolutionNode = FALSE
	EndGlobalSection
	GlobalSection(ExtensibilityGlobals) = postSolution
		SolutionGuid = {01F10163-3D88-4DF1-AF5A-D3BD3F2A6921}
	EndGlobalSection
EndGlobal
