
Microsoft Visual Studio Solution File, Format Version 12.00
# Visual Studio Version 17
VisualStudioVersion = 17.14.36401.2 d17.14
MinimumVisualStudioVersion = 10.0.40219.1
Project("{FAE04EC0-301F-11D3-BF4B-00C04F79EFBC}") = "04_AttributeBasedRouting", "04_AttributeBasedRouting\04_AttributeBasedRouting.csproj", "{A956AC7C-A4D3-4177-B2D3-118670680419}"
EndProject
Global
	GlobalSection(SolutionConfigurationPlatforms) = preSolution
		Debug|Any CPU = Debug|Any CPU
		Release|Any CPU = Release|Any CPU
	EndGlobalSection
	GlobalSection(ProjectConfigurationPlatforms) = postSolution
		{A956AC7C-A4D3-4177-B2D3-118670680419}.Debug|Any CPU.ActiveCfg = Debug|Any CPU
		{A956AC7C-A4D3-4177-B2D3-118670680419}.Debug|Any CPU.Build.0 = Debug|Any CPU
		{A956AC7C-A4D3-4177-B2D3-118670680419}.Release|Any CPU.ActiveCfg = Release|Any CPU
		{A956AC7C-A4D3-4177-B2D3-118670680419}.Release|Any CPU.Build.0 = Release|Any CPU
	EndGlobalSection
	GlobalSection(SolutionProperties) = preSolution
		HideSolutionNode = FALSE
	EndGlobalSection
	GlobalSection(ExtensibilityGlobals) = postSolution
		SolutionGuid = {B0159357-A96C-460F-A1C7-3C70515D82DD}
	EndGlobalSection
EndGlobal
