
Microsoft Visual Studio Solution File, Format Version 12.00
# Visual Studio Version 17
VisualStudioVersion = 17.14.36401.2 d17.14
MinimumVisualStudioVersion = 10.0.40219.1
Project("{FAE04EC0-301F-11D3-BF4B-00C04F79EFBC}") = "Ai_CRUD", "Ai_CRUD\Ai_CRUD.csproj", "{9EA5361D-2CBD-4AFD-815B-F471DF2AD67D}"
EndProject
Global
	GlobalSection(SolutionConfigurationPlatforms) = preSolution
		Debug|Any CPU = Debug|Any CPU
		Release|Any CPU = Release|Any CPU
	EndGlobalSection
	GlobalSection(ProjectConfigurationPlatforms) = postSolution
		{9EA5361D-2CBD-4AFD-815B-F471DF2AD67D}.Debug|Any CPU.ActiveCfg = Debug|Any CPU
		{9EA5361D-2CBD-4AFD-815B-F471DF2AD67D}.Debug|Any CPU.Build.0 = Debug|Any CPU
		{9EA5361D-2CBD-4AFD-815B-F471DF2AD67D}.Release|Any CPU.ActiveCfg = Release|Any CPU
		{9EA5361D-2CBD-4AFD-815B-F471DF2AD67D}.Release|Any CPU.Build.0 = Release|Any CPU
	EndGlobalSection
	GlobalSection(SolutionProperties) = preSolution
		HideSolutionNode = FALSE
	EndGlobalSection
	GlobalSection(ExtensibilityGlobals) = postSolution
		SolutionGuid = {17C4C794-E882-4539-863F-1511C9EB425D}
	EndGlobalSection
EndGlobal
