
Microsoft Visual Studio Solution File, Format Version 12.00
# Visual Studio Version 17
VisualStudioVersion = 17.14.36401.2 d17.14
MinimumVisualStudioVersion = 10.0.40219.1
Project("{FAE04EC0-301F-11D3-BF4B-00C04F79EFBC}") = "stronglyTyped_PartialView_16", "stronglyTyped_PartialView_16\stronglyTyped_PartialView_16.csproj", "{30812F97-7E79-4771-A547-823C69B3A4E3}"
EndProject
Global
	GlobalSection(SolutionConfigurationPlatforms) = preSolution
		Debug|Any CPU = Debug|Any CPU
		Release|Any CPU = Release|Any CPU
	EndGlobalSection
	GlobalSection(ProjectConfigurationPlatforms) = postSolution
		{30812F97-7E79-4771-A547-823C69B3A4E3}.Debug|Any CPU.ActiveCfg = Debug|Any CPU
		{30812F97-7E79-4771-A547-823C69B3A4E3}.Debug|Any CPU.Build.0 = Debug|Any CPU
		{30812F97-7E79-4771-A547-823C69B3A4E3}.Release|Any CPU.ActiveCfg = Release|Any CPU
		{30812F97-7E79-4771-A547-823C69B3A4E3}.Release|Any CPU.Build.0 = Release|Any CPU
	EndGlobalSection
	GlobalSection(SolutionProperties) = preSolution
		HideSolutionNode = FALSE
	EndGlobalSection
	GlobalSection(ExtensibilityGlobals) = postSolution
		SolutionGuid = {212286C3-C799-40C3-B16B-84A4692D8187}
	EndGlobalSection
EndGlobal
