
Microsoft Visual Studio Solution File, Format Version 12.00
# Visual Studio Version 17
VisualStudioVersion = 17.14.36401.2 d17.14
MinimumVisualStudioVersion = 10.0.40219.1
Project("{FAE04EC0-301F-11D3-BF4B-00C04F79EFBC}") = "04_DapperApi_Frontend", "04_DapperApi_Frontend\04_DapperApi_Frontend.csproj", "{1E8966D7-3693-4468-808B-85EAAA8679B0}"
EndProject
Global
	GlobalSection(SolutionConfigurationPlatforms) = preSolution
		Debug|Any CPU = Debug|Any CPU
		Release|Any CPU = Release|Any CPU
	EndGlobalSection
	GlobalSection(ProjectConfigurationPlatforms) = postSolution
		{1E8966D7-3693-4468-808B-85EAAA8679B0}.Debug|Any CPU.ActiveCfg = Debug|Any CPU
		{1E8966D7-3693-4468-808B-85EAAA8679B0}.Debug|Any CPU.Build.0 = Debug|Any CPU
		{1E8966D7-3693-4468-808B-85EAAA8679B0}.Release|Any CPU.ActiveCfg = Release|Any CPU
		{1E8966D7-3693-4468-808B-85EAAA8679B0}.Release|Any CPU.Build.0 = Release|Any CPU
	EndGlobalSection
	GlobalSection(SolutionProperties) = preSolution
		HideSolutionNode = FALSE
	EndGlobalSection
	GlobalSection(ExtensibilityGlobals) = postSolution
		SolutionGuid = {B087E5C5-D50B-4686-9E62-3178371CF7A2}
	EndGlobalSection
EndGlobal
